
Microsoft Visual Studio Solution File, Format Version 12.00
# Visual Studio Version 16
VisualStudioVersion = 16.0.30717.126
MinimumVisualStudioVersion = 10.0.40219.1
Project("{FAE04EC0-301F-11D3-BF4B-00C04F79EFBC}") = "TicketController", "TicketController\TicketController.csproj", "{238A0CC6-CD78-4DE1-AFBE-15380900EED9}"
EndProject
Global
	GlobalSection(SolutionConfigurationPlatforms) = preSolution
		Debug|Any CPU = Debug|Any CPU
		Release|Any CPU = Release|Any CPU
	EndGlobalSection
	GlobalSection(ProjectConfigurationPlatforms) = postSolution
		{238A0CC6-CD78-4DE1-AFBE-15380900EED9}.Debug|Any CPU.ActiveCfg = Debug|Any CPU
		{238A0CC6-CD78-4DE1-AFBE-15380900EED9}.Debug|Any CPU.Build.0 = Debug|Any CPU
		{238A0CC6-CD78-4DE1-AFBE-15380900EED9}.Release|Any CPU.ActiveCfg = Release|Any CPU
		{238A0CC6-CD78-4DE1-AFBE-15380900EED9}.Release|Any CPU.Build.0 = Release|Any CPU
	EndGlobalSection
	GlobalSection(SolutionProperties) = preSolution
		HideSolutionNode = FALSE
	EndGlobalSection
	GlobalSection(ExtensibilityGlobals) = postSolution
		SolutionGuid = {12315BA9-C3B2-4A5F-B1FB-1B35FD42E730}
	EndGlobalSection
EndGlobal
